
Microsoft Visual Studio Solution File, Format Version 12.00
# Visual Studio Version 17
VisualStudioVersion = 17.3.32825.248
MinimumVisualStudioVersion = 10.0.40219.1
Project("{FAE04EC0-301F-11D3-BF4B-00C04F79EFBC}") = "StudentUnitTest", "StudentUnitTest\StudentUnitTest.csproj", "{114701F7-9D75-4034-BE90-2347879C0E75}"
EndProject
Global
	GlobalSection(SolutionConfigurationPlatforms) = preSolution
		Debug|Any CPU = Debug|Any CPU
		Release|Any CPU = Release|Any CPU
	EndGlobalSection
	GlobalSection(ProjectConfigurationPlatforms) = postSolution
		{114701F7-9D75-4034-BE90-2347879C0E75}.Debug|Any CPU.ActiveCfg = Debug|Any CPU
		{114701F7-9D75-4034-BE90-2347879C0E75}.Debug|Any CPU.Build.0 = Debug|Any CPU
		{114701F7-9D75-4034-BE90-2347879C0E75}.Release|Any CPU.ActiveCfg = Release|Any CPU
		{114701F7-9D75-4034-BE90-2347879C0E75}.Release|Any CPU.Build.0 = Release|Any CPU
	EndGlobalSection
	GlobalSection(SolutionProperties) = preSolution
		HideSolutionNode = FALSE
	EndGlobalSection
	GlobalSection(ExtensibilityGlobals) = postSolution
		SolutionGuid = {412B0475-6DC5-4CA8-B601-FA6EF1767F03}
	EndGlobalSection
EndGlobal
